// !$*UTF8*$!
{
	archiveVersion = 1;
	classes = {
	};
	objectVersion = 56;
	objects = {

/* Begin PBXBuildFile section */
		1B8CFCB52B55731100B4F682 /* AppDelegate.swift in Sources */ = {isa = PBXBuildFile; fileRef = 1B8CFCB42B55731100B4F682 /* AppDelegate.swift */; };
		1B8CFCB72B55731100B4F682 /* SceneDelegate.swift in Sources */ = {isa = PBXBuildFile; fileRef = 1B8CFCB62B55731100B4F682 /* SceneDelegate.swift */; };
		1B8CFCB92B55731100B4F682 /* MainTabBarViewController.swift in Sources */ = {isa = PBXBuildFile; fileRef = 1B8CFCB82B55731100B4F682 /* MainTabBarViewController.swift */; };
		1B8CFCBE2B55731300B4F682 /* Assets.xcassets in Resources */ = {isa = PBXBuildFile; fileRef = 1B8CFCBD2B55731300B4F682 /* Assets.xcassets */; };
		1B8CFCC12B55731300B4F682 /* LaunchScreen.storyboard in Resources */ = {isa = PBXBuildFile; fileRef = 1B8CFCBF2B55731300B4F682 /* LaunchScreen.storyboard */; };
		1B8CFCCC2B55731300B4F682 /* NetflixCloneTests.swift in Sources */ = {isa = PBXBuildFile; fileRef = 1B8CFCCB2B55731300B4F682 /* NetflixCloneTests.swift */; };
		1B8CFCD62B55731300B4F682 /* NetflixCloneUITests.swift in Sources */ = {isa = PBXBuildFile; fileRef = 1B8CFCD52B55731300B4F682 /* NetflixCloneUITests.swift */; };
		1B8CFCD82B55731300B4F682 /* NetflixCloneUITestsLaunchTests.swift in Sources */ = {isa = PBXBuildFile; fileRef = 1B8CFCD72B55731300B4F682 /* NetflixCloneUITestsLaunchTests.swift */; };
		1B8CFCE62B55757300B4F682 /* HomeViewController.swift in Sources */ = {isa = PBXBuildFile; fileRef = 1B8CFCE52B55757300B4F682 /* HomeViewController.swift */; };
		1B8CFCE82B5575B500B4F682 /* UpcomingViewController.swift in Sources */ = {isa = PBXBuildFile; fileRef = 1B8CFCE72B5575B500B4F682 /* UpcomingViewController.swift */; };
		1B8CFCEA2B5575D800B4F682 /* SearchViewController.swift in Sources */ = {isa = PBXBuildFile; fileRef = 1B8CFCE92B5575D800B4F682 /* SearchViewController.swift */; };
		1B8CFCEC2B5575FB00B4F682 /* DownloadsViewController.swift in Sources */ = {isa = PBXBuildFile; fileRef = 1B8CFCEB2B5575FB00B4F682 /* DownloadsViewController.swift */; };
		1B8CFCF32B55868400B4F682 /* CollectionViewTableViewCell.swift in Sources */ = {isa = PBXBuildFile; fileRef = 1B8CFCF22B55868400B4F682 /* CollectionViewTableViewCell.swift */; };
		1B8CFCF52B56C71300B4F682 /* HeroHeaderUIView.swift in Sources */ = {isa = PBXBuildFile; fileRef = 1B8CFCF42B56C71300B4F682 /* HeroHeaderUIView.swift */; };
/* End PBXBuildFile section */

/* Begin PBXContainerItemProxy section */
		1B8CFCC82B55731300B4F682 /* PBXContainerItemProxy */ = {
			isa = PBXContainerItemProxy;
			containerPortal = 1B8CFCA92B55731100B4F682 /* Project object */;
			proxyType = 1;
			remoteGlobalIDString = 1B8CFCB02B55731100B4F682;
			remoteInfo = NetflixClone;
		};
		1B8CFCD22B55731300B4F682 /* PBXContainerItemProxy */ = {
			isa = PBXContainerItemProxy;
			containerPortal = 1B8CFCA92B55731100B4F682 /* Project object */;
			proxyType = 1;
			remoteGlobalIDString = 1B8CFCB02B55731100B4F682;
			remoteInfo = NetflixClone;
		};
/* End PBXContainerItemProxy section */

/* Begin PBXFileReference section */
		1B8CFCB12B55731100B4F682 /* NetflixClone.app */ = {isa = PBXFileReference; explicitFileType = wrapper.application; includeInIndex = 0; path = NetflixClone.app; sourceTree = BUILT_PRODUCTS_DIR; };
		1B8CFCB42B55731100B4F682 /* AppDelegate.swift */ = {isa = PBXFileReference; lastKnownFileType = sourcecode.swift; path = AppDelegate.swift; sourceTree = "<group>"; };
		1B8CFCB62B55731100B4F682 /* SceneDelegate.swift */ = {isa = PBXFileReference; lastKnownFileType = sourcecode.swift; path = SceneDelegate.swift; sourceTree = "<group>"; };
		1B8CFCB82B55731100B4F682 /* MainTabBarViewController.swift */ = {isa = PBXFileReference; lastKnownFileType = sourcecode.swift; path = MainTabBarViewController.swift; sourceTree = "<group>"; };
		1B8CFCBD2B55731300B4F682 /* Assets.xcassets */ = {isa = PBXFileReference; lastKnownFileType = folder.assetcatalog; path = Assets.xcassets; sourceTree = "<group>"; };
		1B8CFCC02B55731300B4F682 /* Base */ = {isa = PBXFileReference; lastKnownFileType = file.storyboard; name = Base; path = Base.lproj/LaunchScreen.storyboard; sourceTree = "<group>"; };
		1B8CFCC22B55731300B4F682 /* Info.plist */ = {isa = PBXFileReference; lastKnownFileType = text.plist.xml; path = Info.plist; sourceTree = "<group>"; };
		1B8CFCC72B55731300B4F682 /* NetflixCloneTests.xctest */ = {isa = PBXFileReference; explicitFileType = wrapper.cfbundle; includeInIndex = 0; path = NetflixCloneTests.xctest; sourceTree = BUILT_PRODUCTS_DIR; };
		1B8CFCCB2B55731300B4F682 /* NetflixCloneTests.swift */ = {isa = PBXFileReference; lastKnownFileType = sourcecode.swift; path = NetflixCloneTests.swift; sourceTree = "<group>"; };
		1B8CFCD12B55731300B4F682 /* NetflixCloneUITests.xctest */ = {isa = PBXFileReference; explicitFileType = wrapper.cfbundle; includeInIndex = 0; path = NetflixCloneUITests.xctest; sourceTree = BUILT_PRODUCTS_DIR; };
		1B8CFCD52B55731300B4F682 /* NetflixCloneUITests.swift */ = {isa = PBXFileReference; lastKnownFileType = sourcecode.swift; path = NetflixCloneUITests.swift; sourceTree = "<group>"; };
		1B8CFCD72B55731300B4F682 /* NetflixCloneUITestsLaunchTests.swift */ = {isa = PBXFileReference; lastKnownFileType = sourcecode.swift; path = NetflixCloneUITestsLaunchTests.swift; sourceTree = "<group>"; };
		1B8CFCE52B55757300B4F682 /* HomeViewController.swift */ = {isa = PBXFileReference; lastKnownFileType = sourcecode.swift; path = HomeViewController.swift; sourceTree = "<group>"; };
		1B8CFCE72B5575B500B4F682 /* UpcomingViewController.swift */ = {isa = PBXFileReference; lastKnownFileType = sourcecode.swift; path = UpcomingViewController.swift; sourceTree = "<group>"; };
		1B8CFCE92B5575D800B4F682 /* SearchViewController.swift */ = {isa = PBXFileReference; lastKnownFileType = sourcecode.swift; path = SearchViewController.swift; sourceTree = "<group>"; };
		1B8CFCEB2B5575FB00B4F682 /* DownloadsViewController.swift */ = {isa = PBXFileReference; lastKnownFileType = sourcecode.swift; path = DownloadsViewController.swift; sourceTree = "<group>"; };
		1B8CFCF22B55868400B4F682 /* CollectionViewTableViewCell.swift */ = {isa = PBXFileReference; lastKnownFileType = sourcecode.swift; path = CollectionViewTableViewCell.swift; sourceTree = "<group>"; };
		1B8CFCF42B56C71300B4F682 /* HeroHeaderUIView.swift */ = {isa = PBXFileReference; lastKnownFileType = sourcecode.swift; path = HeroHeaderUIView.swift; sourceTree = "<group>"; };
/* End PBXFileReference section */

/* Begin PBXFrameworksBuildPhase section */
		1B8CFCAE2B55731100B4F682 /* Frameworks */ = {
			isa = PBXFrameworksBuildPhase;
			buildActionMask = 2147483647;
			files = (
			);
			runOnlyForDeploymentPostprocessing = 0;
		};
		1B8CFCC42B55731300B4F682 /* Frameworks */ = {
			isa = PBXFrameworksBuildPhase;
			buildActionMask = 2147483647;
			files = (
			);
			runOnlyForDeploymentPostprocessing = 0;
		};
		1B8CFCCE2B55731300B4F682 /* Frameworks */ = {
			isa = PBXFrameworksBuildPhase;
			buildActionMask = 2147483647;
			files = (
			);
			runOnlyForDeploymentPostprocessing = 0;
		};
/* End PBXFrameworksBuildPhase section */

/* Begin PBXGroup section */
		1B8CFCA82B55731100B4F682 = {
			isa = PBXGroup;
			children = (
				1B8CFCB32B55731100B4F682 /* NetflixClone */,
				1B8CFCCA2B55731300B4F682 /* NetflixCloneTests */,
				1B8CFCD42B55731300B4F682 /* NetflixCloneUITests */,
				1B8CFCB22B55731100B4F682 /* Products */,
			);
			sourceTree = "<group>";
		};
		1B8CFCB22B55731100B4F682 /* Products */ = {
			isa = PBXGroup;
			children = (
				1B8CFCB12B55731100B4F682 /* NetflixClone.app */,
				1B8CFCC72B55731300B4F682 /* NetflixCloneTests.xctest */,
				1B8CFCD12B55731300B4F682 /* NetflixCloneUITests.xctest */,
			);
			name = Products;
			sourceTree = "<group>";
		};
		1B8CFCB32B55731100B4F682 /* NetflixClone */ = {
			isa = PBXGroup;
			children = (
				1B8CFCF12B55863800B4F682 /* Managers */,
				1B8CFCF02B55862D00B4F682 /* Resources */,
				1B8CFCEF2B55860800B4F682 /* Models */,
				1B8CFCEE2B5585FF00B4F682 /* ViewModels */,
				1B8CFCED2B5585F400B4F682 /* Views */,
				1B8CFCE42B55752000B4F682 /* Controllers */,
				1B8CFCB42B55731100B4F682 /* AppDelegate.swift */,
				1B8CFCB62B55731100B4F682 /* SceneDelegate.swift */,
				1B8CFCB82B55731100B4F682 /* MainTabBarViewController.swift */,
				1B8CFCBD2B55731300B4F682 /* Assets.xcassets */,
				1B8CFCBF2B55731300B4F682 /* LaunchScreen.storyboard */,
				1B8CFCC22B55731300B4F682 /* Info.plist */,
			);
			path = NetflixClone;
			sourceTree = "<group>";
		};
		1B8CFCCA2B55731300B4F682 /* NetflixCloneTests */ = {
			isa = PBXGroup;
			children = (
				1B8CFCCB2B55731300B4F682 /* NetflixCloneTests.swift */,
			);
			path = NetflixCloneTests;
			sourceTree = "<group>";
		};
		1B8CFCD42B55731300B4F682 /* NetflixCloneUITests */ = {
			isa = PBXGroup;
			children = (
				1B8CFCD52B55731300B4F682 /* NetflixCloneUITests.swift */,
				1B8CFCD72B55731300B4F682 /* NetflixCloneUITestsLaunchTests.swift */,
			);
			path = NetflixCloneUITests;
			sourceTree = "<group>";
		};
		1B8CFCE42B55752000B4F682 /* Controllers */ = {
			isa = PBXGroup;
			children = (
				1B8CFCE52B55757300B4F682 /* HomeViewController.swift */,
				1B8CFCE72B5575B500B4F682 /* UpcomingViewController.swift */,
				1B8CFCE92B5575D800B4F682 /* SearchViewController.swift */,
				1B8CFCEB2B5575FB00B4F682 /* DownloadsViewController.swift */,
			);
			path = Controllers;
			sourceTree = "<group>";
		};
		1B8CFCED2B5585F400B4F682 /* Views */ = {
			isa = PBXGroup;
			children = (
				1B8CFCF22B55868400B4F682 /* CollectionViewTableViewCell.swift */,
				1B8CFCF42B56C71300B4F682 /* HeroHeaderUIView.swift */,
			);
			path = Views;
			sourceTree = "<group>";
		};
		1B8CFCEE2B5585FF00B4F682 /* ViewModels */ = {
			isa = PBXGroup;
			children = (
			);
			path = ViewModels;
			sourceTree = "<group>";
		};
		1B8CFCEF2B55860800B4F682 /* Models */ = {
			isa = PBXGroup;
			children = (
			);
			path = Models;
			sourceTree = "<group>";
		};
		1B8CFCF02B55862D00B4F682 /* Resources */ = {
			isa = PBXGroup;
			children = (
			);
			path = Resources;
			sourceTree = "<group>";
		};
		1B8CFCF12B55863800B4F682 /* Managers */ = {
			isa = PBXGroup;
			children = (
			);
			path = Managers;
			sourceTree = "<group>";
		};
/* End PBXGroup section */

/* Begin PBXNativeTarget section */
		1B8CFCB02B55731100B4F682 /* NetflixClone */ = {
			isa = PBXNativeTarget;
			buildConfigurationList = 1B8CFCDB2B55731300B4F682 /* Build configuration list for PBXNativeTarget "NetflixClone" */;
			buildPhases = (
				1B8CFCAD2B55731100B4F682 /* Sources */,
				1B8CFCAE2B55731100B4F682 /* Frameworks */,
				1B8CFCAF2B55731100B4F682 /* Resources */,
			);
			buildRules = (
			);
			dependencies = (
			);
			name = NetflixClone;
			productName = NetflixClone;
			productReference = 1B8CFCB12B55731100B4F682 /* NetflixClone.app */;
			productType = "com.apple.product-type.application";
		};
		1B8CFCC62B55731300B4F682 /* NetflixCloneTests */ = {
			isa = PBXNativeTarget;
			buildConfigurationList = 1B8CFCDE2B55731300B4F682 /* Build configuration list for PBXNativeTarget "NetflixCloneTests" */;
			buildPhases = (
				1B8CFCC32B55731300B4F682 /* Sources */,
				1B8CFCC42B55731300B4F682 /* Frameworks */,
				1B8CFCC52B55731300B4F682 /* Resources */,
			);
			buildRules = (
			);
			dependencies = (
				1B8CFCC92B55731300B4F682 /* PBXTargetDependency */,
			);
			name = NetflixCloneTests;
			productName = NetflixCloneTests;
			productReference = 1B8CFCC72B55731300B4F682 /* NetflixCloneTests.xctest */;
			productType = "com.apple.product-type.bundle.unit-test";
		};
		1B8CFCD02B55731300B4F682 /* NetflixCloneUITests */ = {
			isa = PBXNativeTarget;
			buildConfigurationList = 1B8CFCE12B55731300B4F682 /* Build configuration list for PBXNativeTarget "NetflixCloneUITests" */;
			buildPhases = (
				1B8CFCCD2B55731300B4F682 /* Sources */,
				1B8CFCCE2B55731300B4F682 /* Frameworks */,
				1B8CFCCF2B55731300B4F682 /* Resources */,
			);
			buildRules = (
			);
			dependencies = (
				1B8CFCD32B55731300B4F682 /* PBXTargetDependency */,
			);
			name = NetflixCloneUITests;
			productName = NetflixCloneUITests;
			productReference = 1B8CFCD12B55731300B4F682 /* NetflixCloneUITests.xctest */;
			productType = "com.apple.product-type.bundle.ui-testing";
		};
/* End PBXNativeTarget section */

/* Begin PBXProject section */
		1B8CFCA92B55731100B4F682 /* Project object */ = {
			isa = PBXProject;
			attributes = {
				BuildIndependentTargetsInParallel = 1;
				LastSwiftUpdateCheck = 1500;
				LastUpgradeCheck = 1500;
				TargetAttributes = {
					1B8CFCB02B55731100B4F682 = {
						CreatedOnToolsVersion = 15.0.1;
					};
					1B8CFCC62B55731300B4F682 = {
						CreatedOnToolsVersion = 15.0.1;
						TestTargetID = 1B8CFCB02B55731100B4F682;
					};
					1B8CFCD02B55731300B4F682 = {
						CreatedOnToolsVersion = 15.0.1;
						TestTargetID = 1B8CFCB02B55731100B4F682;
					};
				};
			};
			buildConfigurationList = 1B8CFCAC2B55731100B4F682 /* Build configuration list for PBXProject "NetflixClone" */;
			compatibilityVersion = "Xcode 14.0";
			developmentRegion = en;
			hasScannedForEncodings = 0;
			knownRegions = (
				en,
				Base,
			);
			mainGroup = 1B8CFCA82B55731100B4F682;
			productRefGroup = 1B8CFCB22B55731100B4F682 /* Products */;
			projectDirPath = "";
			projectRoot = "";
			targets = (
				1B8CFCB02B55731100B4F682 /* NetflixClone */,
				1B8CFCC62B55731300B4F682 /* NetflixCloneTests */,
				1B8CFCD02B55731300B4F682 /* NetflixCloneUITests */,
			);
		};
/* End PBXProject section */

/* Begin PBXResourcesBuildPhase section */
		1B8CFCAF2B55731100B4F682 /* Resources */ = {
			isa = PBXResourcesBuildPhase;
			buildActionMask = 2147483647;
			files = (
				1B8CFCC12B55731300B4F682 /* LaunchScreen.storyboard in Resources */,
				1B8CFCBE2B55731300B4F682 /* Assets.xcassets in Resources */,
			);
			runOnlyForDeploymentPostprocessing = 0;
		};
		1B8CFCC52B55731300B4F682 /* Resources */ = {
			isa = PBXResourcesBuildPhase;
			buildActionMask = 2147483647;
			files = (
			);
			runOnlyForDeploymentPostprocessing = 0;
		};
		1B8CFCCF2B55731300B4F682 /* Resources */ = {
			isa = PBXResourcesBuildPhase;
			buildActionMask = 2147483647;
			files = (
			);
			runOnlyForDeploymentPostprocessing = 0;
		};
/* End PBXResourcesBuildPhase section */

/* Begin PBXSourcesBuildPhase section */
		1B8CFCAD2B55731100B4F682 /* Sources */ = {
			isa = PBXSourcesBuildPhase;
			buildActionMask = 2147483647;
			files = (
				1B8CFCEA2B5575D800B4F682 /* SearchViewController.swift in Sources */,
				1B8CFCB92B55731100B4F682 /* MainTabBarViewController.swift in Sources */,
				1B8CFCF32B55868400B4F682 /* CollectionViewTableViewCell.swift in Sources */,
				1B8CFCF52B56C71300B4F682 /* HeroHeaderUIView.swift in Sources */,
				1B8CFCEC2B5575FB00B4F682 /* DownloadsViewController.swift in Sources */,
				1B8CFCB52B55731100B4F682 /* AppDelegate.swift in Sources */,
				1B8CFCB72B55731100B4F682 /* SceneDelegate.swift in Sources */,
				1B8CFCE82B5575B500B4F682 /* UpcomingViewController.swift in Sources */,
				1B8CFCE62B55757300B4F682 /* HomeViewController.swift in Sources */,
			);
			runOnlyForDeploymentPostprocessing = 0;
		};
		1B8CFCC32B55731300B4F682 /* Sources */ = {
			isa = PBXSourcesBuildPhase;
			buildActionMask = 2147483647;
			files = (
				1B8CFCCC2B55731300B4F682 /* NetflixCloneTests.swift in Sources */,
			);
			runOnlyForDeploymentPostprocessing = 0;
		};
		1B8CFCCD2B55731300B4F682 /* Sources */ = {
			isa = PBXSourcesBuildPhase;
			buildActionMask = 2147483647;
			files = (
				1B8CFCD62B55731300B4F682 /* NetflixCloneUITests.swift in Sources */,
				1B8CFCD82B55731300B4F682 /* NetflixCloneUITestsLaunchTests.swift in Sources */,
			);
			runOnlyForDeploymentPostprocessing = 0;
		};
/* End PBXSourcesBuildPhase section */

/* Begin PBXTargetDependency section */
		1B8CFCC92B55731300B4F682 /* PBXTargetDependency */ = {
			isa = PBXTargetDependency;
			target = 1B8CFCB02B55731100B4F682 /* NetflixClone */;
			targetProxy = 1B8CFCC82B55731300B4F682 /* PBXContainerItemProxy */;
		};
		1B8CFCD32B55731300B4F682 /* PBXTargetDependency */ = {
			isa = PBXTargetDependency;
			target = 1B8CFCB02B55731100B4F682 /* NetflixClone */;
			targetProxy = 1B8CFCD22B55731300B4F682 /* PBXContainerItemProxy */;
		};
/* End PBXTargetDependency section */

/* Begin PBXVariantGroup section */
		1B8CFCBF2B55731300B4F682 /* LaunchScreen.storyboard */ = {
			isa = PBXVariantGroup;
			children = (
				1B8CFCC02B55731300B4F682 /* Base */,
			);
			name = LaunchScreen.storyboard;
			sourceTree = "<group>";
		};
/* End PBXVariantGroup section */

/* Begin XCBuildConfiguration section */
		1B8CFCD92B55731300B4F682 /* Debug */ = {
			isa = XCBuildConfiguration;
			buildSettings = {
				ALWAYS_SEARCH_USER_PATHS = NO;
				ASSETCATALOG_COMPILER_GENERATE_SWIFT_ASSET_SYMBOL_EXTENSIONS = YES;
				CLANG_ANALYZER_NONNULL = YES;
				CLANG_ANALYZER_NUMBER_OBJECT_CONVERSION = YES_AGGRESSIVE;
				CLANG_CXX_LANGUAGE_STANDARD = "gnu++20";
				CLANG_ENABLE_MODULES = YES;
				CLANG_ENABLE_OBJC_ARC = YES;
				CLANG_ENABLE_OBJC_WEAK = YES;
				CLANG_WARN_BLOCK_CAPTURE_AUTORELEASING = YES;
				CLANG_WARN_BOOL_CONVERSION = YES;
				CLANG_WARN_COMMA = YES;
				CLANG_WARN_CONSTANT_CONVERSION = YES;
				CLANG_WARN_DEPRECATED_OBJC_IMPLEMENTATIONS = YES;
				CLANG_WARN_DIRECT_OBJC_ISA_USAGE = YES_ERROR;
				CLANG_WARN_DOCUMENTATION_COMMENTS = YES;
				CLANG_WARN_EMPTY_BODY = YES;
				CLANG_WARN_ENUM_CONVERSION = YES;
				CLANG_WARN_INFINITE_RECURSION = YES;
				CLANG_WARN_INT_CONVERSION = YES;
				CLANG_WARN_NON_LITERAL_NULL_CONVERSION = YES;
				CLANG_WARN_OBJC_IMPLICIT_RETAIN_SELF = YES;
				CLANG_WARN_OBJC_LITERAL_CONVERSION = YES;
				CLANG_WARN_OBJC_ROOT_CLASS = YES_ERROR;
				CLANG_WARN_QUOTED_INCLUDE_IN_FRAMEWORK_HEADER = YES;
				CLANG_WARN_RANGE_LOOP_ANALYSIS = YES;
				CLANG_WARN_STRICT_PROTOTYPES = YES;
				CLANG_WARN_SUSPICIOUS_MOVE = YES;
				CLANG_WARN_UNGUARDED_AVAILABILITY = YES_AGGRESSIVE;
				CLANG_WARN_UNREACHABLE_CODE = YES;
				CLANG_WARN__DUPLICATE_METHOD_MATCH = YES;
				COPY_PHASE_STRIP = NO;
				DEBUG_INFORMATION_FORMAT = dwarf;
				ENABLE_STRICT_OBJC_MSGSEND = YES;
				ENABLE_TESTABILITY = YES;
				ENABLE_USER_SCRIPT_SANDBOXING = YES;
				GCC_C_LANGUAGE_STANDARD = gnu17;
				GCC_DYNAMIC_NO_PIC = NO;
				GCC_NO_COMMON_BLOCKS = YES;
				GCC_OPTIMIZATION_LEVEL = 0;
				GCC_PREPROCESSOR_DEFINITIONS = (
					"DEBUG=1",
					"$(inherited)",
				);
				GCC_WARN_64_TO_32_BIT_CONVERSION = YES;
				GCC_WARN_ABOUT_RETURN_TYPE = YES_ERROR;
				GCC_WARN_UNDECLARED_SELECTOR = YES;
				GCC_WARN_UNINITIALIZED_AUTOS = YES_AGGRESSIVE;
				GCC_WARN_UNUSED_FUNCTION = YES;
				GCC_WARN_UNUSED_VARIABLE = YES;
				IPHONEOS_DEPLOYMENT_TARGET = 17.0;
				LOCALIZATION_PREFERS_STRING_CATALOGS = YES;
				MTL_ENABLE_DEBUG_INFO = INCLUDE_SOURCE;
				MTL_FAST_MATH = YES;
				ONLY_ACTIVE_ARCH = YES;
				SDKROOT = iphoneos;
				SWIFT_ACTIVE_COMPILATION_CONDITIONS = "DEBUG $(inherited)";
				SWIFT_OPTIMIZATION_LEVEL = "-Onone";
			};
			name = Debug;
		};
		1B8CFCDA2B55731300B4F682 /* Release */ = {
			isa = XCBuildConfiguration;
			buildSettings = {
				ALWAYS_SEARCH_USER_PATHS = NO;
				ASSETCATALOG_COMPILER_GENERATE_SWIFT_ASSET_SYMBOL_EXTENSIONS = YES;
				CLANG_ANALYZER_NONNULL = YES;
				CLANG_ANALYZER_NUMBER_OBJECT_CONVERSION = YES_AGGRESSIVE;
				CLANG_CXX_LANGUAGE_STANDARD = "gnu++20";
				CLANG_ENABLE_MODULES = YES;
				CLANG_ENABLE_OBJC_ARC = YES;
				CLANG_ENABLE_OBJC_WEAK = YES;
				CLANG_WARN_BLOCK_CAPTURE_AUTORELEASING = YES;
				CLANG_WARN_BOOL_CONVERSION = YES;
				CLANG_WARN_COMMA = YES;
				CLANG_WARN_CONSTANT_CONVERSION = YES;
				CLANG_WARN_DEPRECATED_OBJC_IMPLEMENTATIONS = YES;
				CLANG_WARN_DIRECT_OBJC_ISA_USAGE = YES_ERROR;
				CLANG_WARN_DOCUMENTATION_COMMENTS = YES;
				CLANG_WARN_EMPTY_BODY = YES;
				CLANG_WARN_ENUM_CONVERSION = YES;
				CLANG_WARN_INFINITE_RECURSION = YES;
				CLANG_WARN_INT_CONVERSION = YES;
				CLANG_WARN_NON_LITERAL_NULL_CONVERSION = YES;
				CLANG_WARN_OBJC_IMPLICIT_RETAIN_SELF = YES;
				CLANG_WARN_OBJC_LITERAL_CONVERSION = YES;
				CLANG_WARN_OBJC_ROOT_CLASS = YES_ERROR;
				CLANG_WARN_QUOTED_INCLUDE_IN_FRAMEWORK_HEADER = YES;
				CLANG_WARN_RANGE_LOOP_ANALYSIS = YES;
				CLANG_WARN_STRICT_PROTOTYPES = YES;
				CLANG_WARN_SUSPICIOUS_MOVE = YES;
				CLANG_WARN_UNGUARDED_AVAILABILITY = YES_AGGRESSIVE;
				CLANG_WARN_UNREACHABLE_CODE = YES;
				CLANG_WARN__DUPLICATE_METHOD_MATCH = YES;
				COPY_PHASE_STRIP = NO;
				DEBUG_INFORMATION_FORMAT = "dwarf-with-dsym";
				ENABLE_NS_ASSERTIONS = NO;
				ENABLE_STRICT_OBJC_MSGSEND = YES;
				ENABLE_USER_SCRIPT_SANDBOXING = YES;
				GCC_C_LANGUAGE_STANDARD = gnu17;
				GCC_NO_COMMON_BLOCKS = YES;
				GCC_WARN_64_TO_32_BIT_CONVERSION = YES;
				GCC_WARN_ABOUT_RETURN_TYPE = YES_ERROR;
				GCC_WARN_UNDECLARED_SELECTOR = YES;
				GCC_WARN_UNINITIALIZED_AUTOS = YES_AGGRESSIVE;
				GCC_WARN_UNUSED_FUNCTION = YES;
				GCC_WARN_UNUSED_VARIABLE = YES;
				IPHONEOS_DEPLOYMENT_TARGET = 17.0;
				LOCALIZATION_PREFERS_STRING_CATALOGS = YES;
				MTL_ENABLE_DEBUG_INFO = NO;
				MTL_FAST_MATH = YES;
				SDKROOT = iphoneos;
				SWIFT_COMPILATION_MODE = wholemodule;
				VALIDATE_PRODUCT = YES;
			};
			name = Release;
		};
		1B8CFCDC2B55731300B4F682 /* Debug */ = {
			isa = XCBuildConfiguration;
			buildSettings = {
				ASSETCATALOG_COMPILER_APPICON_NAME = AppIcon;
				ASSETCATALOG_COMPILER_GLOBAL_ACCENT_COLOR_NAME = AccentColor;
				CODE_SIGN_STYLE = Automatic;
				CURRENT_PROJECT_VERSION = 1;
				GENERATE_INFOPLIST_FILE = YES;
				INFOPLIST_FILE = NetflixClone/Info.plist;
				INFOPLIST_KEY_UIApplicationSupportsIndirectInputEvents = YES;
				INFOPLIST_KEY_UILaunchStoryboardName = LaunchScreen;
				INFOPLIST_KEY_UISupportedInterfaceOrientations_iPad = "UIInterfaceOrientationPortrait UIInterfaceOrientationPortraitUpsideDown UIInterfaceOrientationLandscapeLeft UIInterfaceOrientationLandscapeRight";
				INFOPLIST_KEY_UISupportedInterfaceOrientations_iPhone = "UIInterfaceOrientationPortrait UIInterfaceOrientationLandscapeLeft UIInterfaceOrientationLandscapeRight";
				LD_RUNPATH_SEARCH_PATHS = (
					"$(inherited)",
					"@executable_path/Frameworks",
				);
				MARKETING_VERSION = 1.0;
				PRODUCT_BUNDLE_IDENTIFIER = com.deneme.NetflixClone;
				PRODUCT_NAME = "$(TARGET_NAME)";
				SWIFT_EMIT_LOC_STRINGS = YES;
				SWIFT_VERSION = 5.0;
				TARGETED_DEVICE_FAMILY = "1,2";
			};
			name = Debug;
		};
		1B8CFCDD2B55731300B4F682 /* Release */ = {
			isa = XCBuildConfiguration;
			buildSettings = {
				ASSETCATALOG_COMPILER_APPICON_NAME = AppIcon;
				ASSETCATALOG_COMPILER_GLOBAL_ACCENT_COLOR_NAME = AccentColor;
				CODE_SIGN_STYLE = Automatic;
				CURRENT_PROJECT_VERSION = 1;
				GENERATE_INFOPLIST_FILE = YES;
				INFOPLIST_FILE = NetflixClone/Info.plist;
				INFOPLIST_KEY_UIApplicationSupportsIndirectInputEvents = YES;
				INFOPLIST_KEY_UILaunchStoryboardName = LaunchScreen;
				INFOPLIST_KEY_UISupportedInterfaceOrientations_iPad = "UIInterfaceOrientationPortrait UIInterfaceOrientationPortraitUpsideDown UIInterfaceOrientationLandscapeLeft UIInterfaceOrientationLandscapeRight";
				INFOPLIST_KEY_UISupportedInterfaceOrientations_iPhone = "UIInterfaceOrientationPortrait UIInterfaceOrientationLandscapeLeft UIInterfaceOrientationLandscapeRight";
				LD_RUNPATH_SEARCH_PATHS = (
					"$(inherited)",
					"@executable_path/Frameworks",
				);
				MARKETING_VERSION = 1.0;
				PRODUCT_BUNDLE_IDENTIFIER = com.deneme.NetflixClone;
				PRODUCT_NAME = "$(TARGET_NAME)";
				SWIFT_EMIT_LOC_STRINGS = YES;
				SWIFT_VERSION = 5.0;
				TARGETED_DEVICE_FAMILY = "1,2";
			};
			name = Release;
		};
		1B8CFCDF2B55731300B4F682 /* Debug */ = {
			isa = XCBuildConfiguration;
			buildSettings = {
				ALWAYS_EMBED_SWIFT_STANDARD_LIBRARIES = YES;
				BUNDLE_LOADER = "$(TEST_HOST)";
				CODE_SIGN_STYLE = Automatic;
				CURRENT_PROJECT_VERSION = 1;
				GENERATE_INFOPLIST_FILE = YES;
				IPHONEOS_DEPLOYMENT_TARGET = 17.0;
				MARKETING_VERSION = 1.0;
				PRODUCT_BUNDLE_IDENTIFIER = com.deneme.NetflixCloneTests;
				PRODUCT_NAME = "$(TARGET_NAME)";
				SWIFT_EMIT_LOC_STRINGS = NO;
				SWIFT_VERSION = 5.0;
				TARGETED_DEVICE_FAMILY = "1,2";
				TEST_HOST = "$(BUILT_PRODUCTS_DIR)/NetflixClone.app/$(BUNDLE_EXECUTABLE_FOLDER_PATH)/NetflixClone";
			};
			name = Debug;
		};
		1B8CFCE02B55731300B4F682 /* Release */ = {
			isa = XCBuildConfiguration;
			buildSettings = {
				ALWAYS_EMBED_SWIFT_STANDARD_LIBRARIES = YES;
				BUNDLE_LOADER = "$(TEST_HOST)";
				CODE_SIGN_STYLE = Automatic;
				CURRENT_PROJECT_VERSION = 1;
				GENERATE_INFOPLIST_FILE = YES;
				IPHONEOS_DEPLOYMENT_TARGET = 17.0;
				MARKETING_VERSION = 1.0;
				PRODUCT_BUNDLE_IDENTIFIER = com.deneme.NetflixCloneTests;
				PRODUCT_NAME = "$(TARGET_NAME)";
				SWIFT_EMIT_LOC_STRINGS = NO;
				SWIFT_VERSION = 5.0;
				TARGETED_DEVICE_FAMILY = "1,2";
				TEST_HOST = "$(BUILT_PRODUCTS_DIR)/NetflixClone.app/$(BUNDLE_EXECUTABLE_FOLDER_PATH)/NetflixClone";
			};
			name = Release;
		};
		1B8CFCE22B55731300B4F682 /* Debug */ = {
			isa = XCBuildConfiguration;
			buildSettings = {
				ALWAYS_EMBED_SWIFT_STANDARD_LIBRARIES = YES;
				CODE_SIGN_STYLE = Automatic;
				CURRENT_PROJECT_VERSION = 1;
				GENERATE_INFOPLIST_FILE = YES;
				MARKETING_VERSION = 1.0;
				PRODUCT_BUNDLE_IDENTIFIER = com.deneme.NetflixCloneUITests;
				PRODUCT_NAME = "$(TARGET_NAME)";
				SWIFT_EMIT_LOC_STRINGS = NO;
				SWIFT_VERSION = 5.0;
				TARGETED_DEVICE_FAMILY = "1,2";
				TEST_TARGET_NAME = NetflixClone;
			};
			name = Debug;
		};
		1B8CFCE32B55731300B4F682 /* Release */ = {
			isa = XCBuildConfiguration;
			buildSettings = {
				ALWAYS_EMBED_SWIFT_STANDARD_LIBRARIES = YES;
				CODE_SIGN_STYLE = Automatic;
				CURRENT_PROJECT_VERSION = 1;
				GENERATE_INFOPLIST_FILE = YES;
				MARKETING_VERSION = 1.0;
				PRODUCT_BUNDLE_IDENTIFIER = com.deneme.NetflixCloneUITests;
				PRODUCT_NAME = "$(TARGET_NAME)";
				SWIFT_EMIT_LOC_STRINGS = NO;
				SWIFT_VERSION = 5.0;
				TARGETED_DEVICE_FAMILY = "1,2";
				TEST_TARGET_NAME = NetflixClone;
			};
			name = Release;
		};
/* End XCBuildConfiguration section */

/* Begin XCConfigurationList section */
		1B8CFCAC2B55731100B4F682 /* Build configuration list for PBXProject "NetflixClone" */ = {
			isa = XCConfigurationList;
			buildConfigurations = (
				1B8CFCD92B55731300B4F682 /* Debug */,
				1B8CFCDA2B55731300B4F682 /* Release */,
			);
			defaultConfigurationIsVisible = 0;
			defaultConfigurationName = Release;
		};
		1B8CFCDB2B55731300B4F682 /* Build configuration list for PBXNativeTarget "NetflixClone" */ = {
			isa = XCConfigurationList;
			buildConfigurations = (
				1B8CFCDC2B55731300B4F682 /* Debug */,
				1B8CFCDD2B55731300B4F682 /* Release */,
			);
			defaultConfigurationIsVisible = 0;
			defaultConfigurationName = Release;
		};
		1B8CFCDE2B55731300B4F682 /* Build configuration list for PBXNativeTarget "NetflixCloneTests" */ = {
			isa = XCConfigurationList;
			buildConfigurations = (
				1B8CFCDF2B55731300B4F682 /* Debug */,
				1B8CFCE02B55731300B4F682 /* Release */,
			);
			defaultConfigurationIsVisible = 0;
			defaultConfigurationName = Release;
		};
		1B8CFCE12B55731300B4F682 /* Build configuration list for PBXNativeTarget "NetflixCloneUITests" */ = {
			isa = XCConfigurationList;
			buildConfigurations = (
				1B8CFCE22B55731300B4F682 /* Debug */,
				1B8CFCE32B55731300B4F682 /* Release */,
			);
			defaultConfigurationIsVisible = 0;
			defaultConfigurationName = Release;
		};
/* End XCConfigurationList section */
	};
	rootObject = 1B8CFCA92B55731100B4F682 /* Project object */;
}
